
Microsoft Visual Studio Solution File, Format Version 12.00
# Visual Studio Version 17
VisualStudioVersion = 17.10.34928.147
MinimumVisualStudioVersion = 10.0.40219.1
Project("{FAE04EC0-301F-11D3-BF4B-00C04F79EFBC}") = "CustomInterfaceConstraint(eps_7)", "CustomInterfaceConstraint(eps_7)\CustomInterfaceConstraint(eps_7).csproj", "{AEC0E657-F880-441E-9DA9-87AEDCEBCADB}"
EndProject
Global
	GlobalSection(SolutionConfigurationPlatforms) = preSolution
		Debug|Any CPU = Debug|Any CPU
		Release|Any CPU = Release|Any CPU
	EndGlobalSection
	GlobalSection(ProjectConfigurationPlatforms) = postSolution
		{AEC0E657-F880-441E-9DA9-87AEDCEBCADB}.Debug|Any CPU.ActiveCfg = Debug|Any CPU
		{AEC0E657-F880-441E-9DA9-87AEDCEBCADB}.Debug|Any CPU.Build.0 = Debug|Any CPU
		{AEC0E657-F880-441E-9DA9-87AEDCEBCADB}.Release|Any CPU.ActiveCfg = Release|Any CPU
		{AEC0E657-F880-441E-9DA9-87AEDCEBCADB}.Release|Any CPU.Build.0 = Release|Any CPU
	EndGlobalSection
	GlobalSection(SolutionProperties) = preSolution
		HideSolutionNode = FALSE
	EndGlobalSection
	GlobalSection(ExtensibilityGlobals) = postSolution
		SolutionGuid = {9E089239-8683-460C-943F-47FBBDC1A9A7}
	EndGlobalSection
EndGlobal
